{
  "version": 4,
  "terraform_version": "1.5.7",
  "serial": 16,
  "lineage": "838cbc46-860b-94d0-ec87-3d533cdd70ea",
  "outputs": {
    "env": {
      "value": {
        "project": "project-custom-01"
      },
      "type": [
        "map",
        "string"
      ]
    }
  },
  "resources": [
    {
      "mode": "data",
      "type": "external",
      "name": "env",
      "provider": "provider[\"registry.terraform.io/hashicorp/external\"]",
      "instances": [
        {
          "schema_version": 0,
          "attributes": {
            "id": "-",
            "program": [
              "./env.sh"
            ],
            "query": null,
            "result": {
              "project": "project-custom-01"
            },
            "working_dir": null
          },
          "sensitive_attributes": []
        }
      ]
    },
    {
      "mode": "data",
      "type": "google_compute_default_service_account",
      "name": "default",
      "provider": "provider[\"registry.terraform.io/hashicorp/google\"]",
      "instances": [
        {
          "schema_version": 0,
          "attributes": {
            "display_name": "Compute Engine default service account",
            "email": "338627487509-compute@developer.gserviceaccount.com",
            "id": "projects/project-custom-01/serviceAccounts/338627487509-compute@developer.gserviceaccount.com",
            "member": "serviceAccount:338627487509-compute@developer.gserviceaccount.com",
            "name": "projects/project-custom-01/serviceAccounts/338627487509-compute@developer.gserviceaccount.com",
            "project": "project-custom-01",
            "unique_id": "102794118099314544805"
          },
          "sensitive_attributes": []
        }
      ]
    },
    {
      "mode": "managed",
      "type": "google_compute_backend_service",
      "name": "backend_service_public",
      "provider": "provider[\"registry.terraform.io/hashicorp/google\"]",
      "instances": [
        {
          "index_key": "infra-euw3",
          "schema_version": 1,
          "attributes": {
            "affinity_cookie_ttl_sec": 0,
            "backend": [
              {
                "balancing_mode": "UTILIZATION",
                "capacity_scaler": 1,
                "description": "",
                "group": "https://www.googleapis.com/compute/v1/projects/project-custom-01/regions/europe-west3/instanceGroups/customer-app-managed-instance-group-public",
                "max_connections": 0,
                "max_connections_per_endpoint": 0,
                "max_connections_per_instance": 0,
                "max_rate": 0,
                "max_rate_per_endpoint": 0,
                "max_rate_per_instance": 0,
                "max_utilization": 0
              }
            ],
            "cdn_policy": [],
            "circuit_breakers": [],
            "compression_mode": "",
            "connection_draining_timeout_sec": 300,
            "consistent_hash": [],
            "creation_timestamp": "2024-11-18T09:18:34.030-08:00",
            "custom_request_headers": null,
            "custom_response_headers": null,
            "description": "",
            "edge_security_policy": "",
            "enable_cdn": false,
            "fingerprint": "hV2emYdKy10=",
            "generated_id": 902177550293714949,
            "health_checks": [
              "projects/project-custom-01/global/healthChecks/customer-app-load-balancer-hc-public"
            ],
            "iap": [],
            "id": "projects/project-custom-01/global/backendServices/customer-app-load-balancer-backend-public",
            "load_balancing_scheme": "EXTERNAL_MANAGED",
            "locality_lb_policies": [],
            "locality_lb_policy": "",
            "log_config": [],
            "name": "customer-app-load-balancer-backend-public",
            "outlier_detection": [],
            "port_name": "customer-app-port",
            "project": "project-custom-01",
            "protocol": "HTTP",
            "security_policy": "",
            "security_settings": [],
            "self_link": "https://www.googleapis.com/compute/v1/projects/project-custom-01/global/backendServices/customer-app-load-balancer-backend-public",
            "service_lb_policy": "",
            "session_affinity": "NONE",
            "timeout_sec": 10,
            "timeouts": null
          },
          "sensitive_attributes": [],
          "private": "eyJlMmJmYjczMC1lY2FhLTExZTYtOGY4OC0zNDM2M2JjN2M0YzAiOnsiY3JlYXRlIjoxMjAwMDAwMDAwMDAwLCJkZWxldGUiOjEyMDAwMDAwMDAwMDAsInVwZGF0ZSI6MTIwMDAwMDAwMDAwMH0sInNjaGVtYV92ZXJzaW9uIjoiMSJ9",
          "dependencies": [
            "data.google_compute_default_service_account.default",
            "google_compute_health_check.health_check_public",
            "google_compute_instance_template.inst_template_public",
            "google_compute_network.vpc_network",
            "google_compute_region_instance_group_manager.mig_public",
            "google_compute_subnetwork.subnetwork_1"
          ]
        }
      ]
    },
    {
      "mode": "managed",
      "type": "google_compute_firewall",
      "name": "allow_on_8080_from_load_balancer_ip_range",
      "provider": "provider[\"registry.terraform.io/hashicorp/google\"]",
      "instances": [
        {
          "schema_version": 1,
          "attributes": {
            "allow": [
              {
                "ports": [
                  "8080"
                ],
                "protocol": "tcp"
              }
            ],
            "creation_timestamp": "2024-11-18T06:09:13.339-08:00",
            "deny": [],
            "description": "",
            "destination_ranges": [],
            "direction": "INGRESS",
            "disabled": false,
            "enable_logging": null,
            "id": "projects/project-custom-01/global/firewalls/allow-on-8080-from-load-balancer-ip-range",
            "log_config": [],
            "name": "allow-on-8080-from-load-balancer-ip-range",
            "network": "https://www.googleapis.com/compute/v1/projects/project-custom-01/global/networks/customer-vpc-network",
            "priority": 1000,
            "project": "project-custom-01",
            "self_link": "https://www.googleapis.com/compute/v1/projects/project-custom-01/global/firewalls/allow-on-8080-from-load-balancer-ip-range",
            "source_ranges": [
              "130.211.0.0/22",
              "35.191.0.0/16"
            ],
            "source_service_accounts": [],
            "source_tags": [],
            "target_service_accounts": [],
            "target_tags": [
              "customer-app-server-public"
            ],
            "timeouts": null
          },
          "sensitive_attributes": [],
          "private": "eyJlMmJmYjczMC1lY2FhLTExZTYtOGY4OC0zNDM2M2JjN2M0YzAiOnsiY3JlYXRlIjoxMjAwMDAwMDAwMDAwLCJkZWxldGUiOjEyMDAwMDAwMDAwMDAsInVwZGF0ZSI6MTIwMDAwMDAwMDAwMH0sInNjaGVtYV92ZXJzaW9uIjoiMSJ9",
          "dependencies": [
            "data.external.env",
            "google_compute_network.vpc_network"
          ]
        }
      ]
    },
    {
      "mode": "managed",
      "type": "google_compute_firewall",
      "name": "ssh_from_iap_range",
      "provider": "provider[\"registry.terraform.io/hashicorp/google\"]",
      "instances": [
        {
          "schema_version": 1,
          "attributes": {
            "allow": [
              {
                "ports": [
                  "22"
                ],
                "protocol": "tcp"
              }
            ],
            "creation_timestamp": "2024-11-18T06:09:13.703-08:00",
            "deny": [],
            "description": "",
            "destination_ranges": [],
            "direction": "INGRESS",
            "disabled": false,
            "enable_logging": null,
            "id": "projects/project-custom-01/global/firewalls/allow-ingress-from-iap",
            "log_config": [],
            "name": "allow-ingress-from-iap",
            "network": "https://www.googleapis.com/compute/v1/projects/project-custom-01/global/networks/customer-vpc-network",
            "priority": 1000,
            "project": "project-custom-01",
            "self_link": "https://www.googleapis.com/compute/v1/projects/project-custom-01/global/firewalls/allow-ingress-from-iap",
            "source_ranges": [
              "35.235.240.0/20"
            ],
            "source_service_accounts": [],
            "source_tags": [],
            "target_service_accounts": [],
            "target_tags": [],
            "timeouts": null
          },
          "sensitive_attributes": [],
          "private": "eyJlMmJmYjczMC1lY2FhLTExZTYtOGY4OC0zNDM2M2JjN2M0YzAiOnsiY3JlYXRlIjoxMjAwMDAwMDAwMDAwLCJkZWxldGUiOjEyMDAwMDAwMDAwMDAsInVwZGF0ZSI6MTIwMDAwMDAwMDAwMH0sInNjaGVtYV92ZXJzaW9uIjoiMSJ9",
          "dependencies": [
            "data.external.env",
            "google_compute_network.vpc_network"
          ]
        }
      ]
    },
    {
      "mode": "managed",
      "type": "google_compute_global_forwarding_rule",
      "name": "forwarding_rule_public",
      "provider": "provider[\"registry.terraform.io/hashicorp/google\"]",
      "instances": [
        {
          "index_key": "infra-euw3",
          "schema_version": 0,
          "attributes": {
            "base_forwarding_rule": "",
            "description": "",
            "effective_labels": {},
            "id": "projects/project-custom-01/global/forwardingRules/customer-app-load-balancer-front-end-public",
            "ip_address": "34.111.93.135",
            "ip_protocol": "TCP",
            "ip_version": "",
            "label_fingerprint": "42WmSpB8rSM=",
            "labels": null,
            "load_balancing_scheme": "EXTERNAL_MANAGED",
            "metadata_filters": [],
            "name": "customer-app-load-balancer-front-end-public",
            "network": "",
            "no_automate_dns_zone": null,
            "port_range": "80-80",
            "project": "project-custom-01",
            "psc_connection_id": "",
            "psc_connection_status": "",
            "self_link": "https://www.googleapis.com/compute/v1/projects/project-custom-01/global/forwardingRules/customer-app-load-balancer-front-end-public",
            "service_directory_registrations": [],
            "source_ip_ranges": null,
            "subnetwork": "",
            "target": "https://www.googleapis.com/compute/v1/projects/project-custom-01/global/targetHttpProxies/customer-app-load-balancer-proxy-public",
            "terraform_labels": {},
            "timeouts": null
          },
          "sensitive_attributes": [],
          "private": "eyJlMmJmYjczMC1lY2FhLTExZTYtOGY4OC0zNDM2M2JjN2M0YzAiOnsiY3JlYXRlIjoxMjAwMDAwMDAwMDAwLCJkZWxldGUiOjEyMDAwMDAwMDAwMDAsInVwZGF0ZSI6MTIwMDAwMDAwMDAwMH19",
          "dependencies": [
            "data.google_compute_default_service_account.default",
            "google_compute_backend_service.backend_service_public",
            "google_compute_health_check.health_check_public",
            "google_compute_instance_template.inst_template_public",
            "google_compute_network.vpc_network",
            "google_compute_region_instance_group_manager.mig_public",
            "google_compute_subnetwork.subnetwork_1",
            "google_compute_target_http_proxy.target_http_proxy_public",
            "google_compute_url_map.compute_url_map_public"
          ]
        }
      ]
    },
    {
      "mode": "managed",
      "type": "google_compute_health_check",
      "name": "health_check_public",
      "provider": "provider[\"registry.terraform.io/hashicorp/google\"]",
      "instances": [
        {
          "schema_version": 0,
          "attributes": {
            "check_interval_sec": 1,
            "creation_timestamp": "2024-11-18T06:09:01.848-08:00",
            "description": "",
            "grpc_health_check": [],
            "healthy_threshold": 2,
            "http2_health_check": [],
            "http_health_check": [
              {
                "host": "",
                "port": 8080,
                "port_name": "",
                "port_specification": "",
                "proxy_header": "NONE",
                "request_path": "/",
                "response": ""
              }
            ],
            "https_health_check": [],
            "id": "projects/project-custom-01/global/healthChecks/customer-app-load-balancer-hc-public",
            "log_config": [
              {
                "enable": false
              }
            ],
            "name": "customer-app-load-balancer-hc-public",
            "project": "project-custom-01",
            "self_link": "https://www.googleapis.com/compute/v1/projects/project-custom-01/global/healthChecks/customer-app-load-balancer-hc-public",
            "source_regions": [],
            "ssl_health_check": [],
            "tcp_health_check": [],
            "timeout_sec": 1,
            "timeouts": null,
            "type": "HTTP",
            "unhealthy_threshold": 2
          },
          "sensitive_attributes": [],
          "private": "eyJlMmJmYjczMC1lY2FhLTExZTYtOGY4OC0zNDM2M2JjN2M0YzAiOnsiY3JlYXRlIjoxMjAwMDAwMDAwMDAwLCJkZWxldGUiOjEyMDAwMDAwMDAwMDAsInVwZGF0ZSI6MTIwMDAwMDAwMDAwMH19"
        }
      ]
    },
    {
      "mode": "managed",
      "type": "google_compute_instance_template",
      "name": "inst_template_public",
      "provider": "provider[\"registry.terraform.io/hashicorp/google\"]",
      "instances": [
        {
          "index_key": "infra-euw3",
          "schema_version": 1,
          "attributes": {
            "advanced_machine_features": [],
            "can_ip_forward": false,
            "confidential_instance_config": null,
            "description": "",
            "disk": [
              {
                "auto_delete": true,
                "boot": true,
                "device_name": "persistent-disk-0",
                "disk_encryption_key": [],
                "disk_name": "",
                "disk_size_gb": 0,
                "disk_type": "pd-standard",
                "interface": "SCSI",
                "labels": null,
                "mode": "READ_WRITE",
                "provisioned_iops": 0,
                "resource_manager_tags": null,
                "resource_policies": null,
                "source": "",
                "source_image": "projects/ubuntu-os-cloud/global/images/ubuntu-2204-jammy-v20241115",
                "source_image_encryption_key": [],
                "source_snapshot": "",
                "source_snapshot_encryption_key": [],
                "type": "PERSISTENT"
              }
            ],
            "effective_labels": {
              "app-name": "customer-app",
              "server-visiblity": "public"
            },
            "guest_accelerator": [],
            "id": "projects/project-custom-01/global/instanceTemplates/customer-app-inst-template-public20241118171758960500000001",
            "instance_description": "",
            "labels": {
              "app-name": "customer-app",
              "server-visiblity": "public"
            },
            "machine_type": "e2-medium",
            "metadata": null,
            "metadata_fingerprint": "7pOWIoFoz4s=",
            "metadata_startup_script": "#!/bin/bash\nsudo apt-get update\nsudo apt-get upgrade -y\nsudo apt-get install python3-pip git stress -y\n\n#Ops Agent Installation\n# curl -sSO https://dl.google.com/cloudagents/add-google-cloud-ops-agent-repo.sh\n# sudo bash add-google-cloud-ops-agent-repo.sh --also-install\n\ngit clone https://github.com/coding-katas/gcp-compute-ex.git\ncd gcp-compute-ex\npip install -r requirements.txt\nchmod +x app.py\nnohup python3 app.py \u0026\n\n",
            "min_cpu_platform": "",
            "name": "customer-app-inst-template-public20241118171758960500000001",
            "name_prefix": "customer-app-inst-template-public",
            "network_interface": [
              {
                "access_config": [
                  {
                    "nat_ip": "",
                    "network_tier": "STANDARD",
                    "public_ptr_domain_name": ""
                  }
                ],
                "alias_ip_range": [],
                "internal_ipv6_prefix_length": 0,
                "ipv6_access_config": [],
                "ipv6_access_type": "",
                "ipv6_address": "",
                "name": "nic0",
                "network": "https://www.googleapis.com/compute/v1/projects/project-custom-01/global/networks/customer-vpc-network",
                "network_ip": "",
                "nic_type": "",
                "queue_count": 0,
                "stack_type": "",
                "subnetwork": "https://www.googleapis.com/compute/v1/projects/project-custom-01/regions/europe-west3/subnetworks/customer-vpc-sub-network-1",
                "subnetwork_project": "project-custom-01"
              }
            ],
            "network_performance_config": [],
            "project": "project-custom-01",
            "region": "europe-west3",
            "reservation_affinity": [],
            "resource_manager_tags": null,
            "resource_policies": null,
            "scheduling": [
              {
                "automatic_restart": true,
                "instance_termination_action": "",
                "local_ssd_recovery_timeout": [],
                "max_run_duration": [],
                "min_node_cpus": 0,
                "node_affinities": [],
                "on_host_maintenance": "MIGRATE",
                "on_instance_stop_action": [],
                "preemptible": false,
                "provisioning_model": "STANDARD"
              }
            ],
            "self_link": "https://www.googleapis.com/compute/v1/projects/project-custom-01/global/instanceTemplates/customer-app-inst-template-public20241118171758960500000001",
            "self_link_unique": "https://www.googleapis.com/compute/v1/projects/project-custom-01/global/instanceTemplates/customer-app-inst-template-public20241118171758960500000001?uniqueId=4508423316844234792",
            "service_account": [
              {
                "email": "338627487509-compute@developer.gserviceaccount.com",
                "scopes": [
                  "https://www.googleapis.com/auth/cloud-platform"
                ]
              }
            ],
            "shielded_instance_config": [],
            "tags": [
              "customer-app-server-public"
            ],
            "tags_fingerprint": "",
            "terraform_labels": {
              "app-name": "customer-app",
              "server-visiblity": "public"
            },
            "timeouts": null
          },
          "sensitive_attributes": [],
          "private": "eyJlMmJmYjczMC1lY2FhLTExZTYtOGY4OC0zNDM2M2JjN2M0YzAiOnsiY3JlYXRlIjoyNDAwMDAwMDAwMDAsImRlbGV0ZSI6MjQwMDAwMDAwMDAwfSwic2NoZW1hX3ZlcnNpb24iOiIxIn0=",
          "dependencies": [
            "data.google_compute_default_service_account.default",
            "google_compute_network.vpc_network",
            "google_compute_subnetwork.subnetwork_1"
          ],
          "create_before_destroy": true
        }
      ]
    },
    {
      "mode": "managed",
      "type": "google_compute_network",
      "name": "vpc_network",
      "provider": "provider[\"registry.terraform.io/hashicorp/google\"]",
      "instances": [
        {
          "schema_version": 0,
          "attributes": {
            "auto_create_subnetworks": false,
            "delete_default_routes_on_create": false,
            "description": "",
            "enable_ula_internal_ipv6": false,
            "gateway_ipv4": "",
            "id": "projects/project-custom-01/global/networks/customer-vpc-network",
            "internal_ipv6_range": "",
            "mtu": 1460,
            "name": "customer-vpc-network",
            "network_firewall_policy_enforcement_order": "AFTER_CLASSIC_FIREWALL",
            "numeric_id": "8900138204340352146",
            "project": "project-custom-01",
            "routing_mode": "REGIONAL",
            "self_link": "https://www.googleapis.com/compute/v1/projects/project-custom-01/global/networks/customer-vpc-network",
            "timeouts": null
          },
          "sensitive_attributes": [],
          "private": "eyJlMmJmYjczMC1lY2FhLTExZTYtOGY4OC0zNDM2M2JjN2M0YzAiOnsiY3JlYXRlIjoxMjAwMDAwMDAwMDAwLCJkZWxldGUiOjEyMDAwMDAwMDAwMDAsInVwZGF0ZSI6MTIwMDAwMDAwMDAwMH19",
          "dependencies": [
            "data.external.env"
          ],
          "create_before_destroy": true
        }
      ]
    },
    {
      "mode": "managed",
      "type": "google_compute_region_instance_group_manager",
      "name": "mig_public",
      "provider": "provider[\"registry.terraform.io/hashicorp/google\"]",
      "instances": [
        {
          "index_key": "infra-euw3",
          "schema_version": 0,
          "attributes": {
            "all_instances_config": [],
            "auto_healing_policies": [],
            "base_instance_name": "customer-app-server-public",
            "creation_timestamp": "2024-11-18T09:18:01.288-08:00",
            "description": "",
            "distribution_policy_target_shape": "EVEN",
            "distribution_policy_zones": [
              "europe-west3-a",
              "europe-west3-b",
              "europe-west3-c"
            ],
            "fingerprint": "mAZwEP36y1I=",
            "id": "projects/project-custom-01/regions/europe-west3/instanceGroupManagers/customer-app-managed-instance-group-public",
            "instance_group": "https://www.googleapis.com/compute/v1/projects/project-custom-01/regions/europe-west3/instanceGroups/customer-app-managed-instance-group-public",
            "instance_lifecycle_policy": [
              {
                "default_action_on_failure": "REPAIR",
                "force_update_on_repair": "NO"
              }
            ],
            "list_managed_instances_results": "PAGELESS",
            "name": "customer-app-managed-instance-group-public",
            "named_port": [
              {
                "name": "customer-app-port",
                "port": 8080
              }
            ],
            "project": "project-custom-01",
            "region": "europe-west3",
            "self_link": "https://www.googleapis.com/compute/v1/projects/project-custom-01/regions/europe-west3/instanceGroupManagers/customer-app-managed-instance-group-public",
            "stateful_disk": [],
            "stateful_external_ip": [],
            "stateful_internal_ip": [],
            "status": [
              {
                "all_instances_config": [
                  {
                    "current_revision": "",
                    "effective": true
                  }
                ],
                "is_stable": false,
                "stateful": [
                  {
                    "has_stateful_config": false,
                    "per_instance_configs": [
                      {
                        "all_effective": true
                      }
                    ]
                  }
                ],
                "version_target": [
                  {
                    "is_reached": true
                  }
                ]
              }
            ],
            "target_pools": null,
            "target_size": 1,
            "timeouts": null,
            "update_policy": [
              {
                "instance_redistribution_type": "PROACTIVE",
                "max_surge_fixed": 3,
                "max_surge_percent": 0,
                "max_unavailable_fixed": 3,
                "max_unavailable_percent": 0,
                "minimal_action": "REPLACE",
                "most_disruptive_allowed_action": "",
                "replacement_method": "SUBSTITUTE",
                "type": "OPPORTUNISTIC"
              }
            ],
            "version": [
              {
                "instance_template": "https://www.googleapis.com/compute/v1/projects/project-custom-01/global/instanceTemplates/customer-app-inst-template-public20241118171758960500000001",
                "name": "",
                "target_size": []
              }
            ],
            "wait_for_instances": false,
            "wait_for_instances_status": "STABLE"
          },
          "sensitive_attributes": [],
          "private": "eyJlMmJmYjczMC1lY2FhLTExZTYtOGY4OC0zNDM2M2JjN2M0YzAiOnsiY3JlYXRlIjo5MDAwMDAwMDAwMDAsImRlbGV0ZSI6OTAwMDAwMDAwMDAwLCJ1cGRhdGUiOjkwMDAwMDAwMDAwMH19",
          "dependencies": [
            "data.google_compute_default_service_account.default",
            "google_compute_instance_template.inst_template_public",
            "google_compute_network.vpc_network",
            "google_compute_subnetwork.subnetwork_1"
          ]
        }
      ]
    },
    {
      "mode": "managed",
      "type": "google_compute_subnetwork",
      "name": "subnetwork_1",
      "provider": "provider[\"registry.terraform.io/hashicorp/google\"]",
      "instances": [
        {
          "index_key": "infra-euw3",
          "schema_version": 0,
          "attributes": {
            "creation_timestamp": "2024-11-18T09:17:36.966-08:00",
            "description": "",
            "external_ipv6_prefix": "",
            "fingerprint": null,
            "gateway_address": "10.0.0.1",
            "id": "projects/project-custom-01/regions/europe-west3/subnetworks/customer-vpc-sub-network-1",
            "internal_ipv6_prefix": "",
            "ip_cidr_range": "10.0.0.0/24",
            "ipv6_access_type": "",
            "ipv6_cidr_range": "",
            "log_config": [],
            "name": "customer-vpc-sub-network-1",
            "network": "https://www.googleapis.com/compute/v1/projects/project-custom-01/global/networks/customer-vpc-network",
            "private_ip_google_access": false,
            "private_ipv6_google_access": "DISABLE_GOOGLE_ACCESS",
            "project": "project-custom-01",
            "purpose": "PRIVATE",
            "region": "europe-west3",
            "role": "",
            "secondary_ip_range": [],
            "self_link": "https://www.googleapis.com/compute/v1/projects/project-custom-01/regions/europe-west3/subnetworks/customer-vpc-sub-network-1",
            "send_secondary_ip_range_if_empty": null,
            "stack_type": "IPV4_ONLY",
            "timeouts": null
          },
          "sensitive_attributes": [],
          "private": "eyJlMmJmYjczMC1lY2FhLTExZTYtOGY4OC0zNDM2M2JjN2M0YzAiOnsiY3JlYXRlIjoxMjAwMDAwMDAwMDAwLCJkZWxldGUiOjEyMDAwMDAwMDAwMDAsInVwZGF0ZSI6MTIwMDAwMDAwMDAwMH19",
          "dependencies": [
            "google_compute_network.vpc_network"
          ],
          "create_before_destroy": true
        }
      ]
    },
    {
      "mode": "managed",
      "type": "google_compute_subnetwork",
      "name": "subnetwork_2",
      "provider": "provider[\"registry.terraform.io/hashicorp/google\"]",
      "instances": [
        {
          "index_key": "infra-euw3",
          "schema_version": 0,
          "attributes": {
            "creation_timestamp": "2024-11-18T09:17:34.467-08:00",
            "description": "",
            "external_ipv6_prefix": "",
            "fingerprint": null,
            "gateway_address": "10.0.1.1",
            "id": "projects/project-custom-01/regions/europe-west3/subnetworks/customer-vpc-sub-network-2",
            "internal_ipv6_prefix": "",
            "ip_cidr_range": "10.0.1.0/24",
            "ipv6_access_type": "",
            "ipv6_cidr_range": "",
            "log_config": [],
            "name": "customer-vpc-sub-network-2",
            "network": "https://www.googleapis.com/compute/v1/projects/project-custom-01/global/networks/customer-vpc-network",
            "private_ip_google_access": false,
            "private_ipv6_google_access": "DISABLE_GOOGLE_ACCESS",
            "project": "project-custom-01",
            "purpose": "PRIVATE",
            "region": "europe-west3",
            "role": "",
            "secondary_ip_range": [],
            "self_link": "https://www.googleapis.com/compute/v1/projects/project-custom-01/regions/europe-west3/subnetworks/customer-vpc-sub-network-2",
            "send_secondary_ip_range_if_empty": null,
            "stack_type": "IPV4_ONLY",
            "timeouts": null
          },
          "sensitive_attributes": [],
          "private": "eyJlMmJmYjczMC1lY2FhLTExZTYtOGY4OC0zNDM2M2JjN2M0YzAiOnsiY3JlYXRlIjoxMjAwMDAwMDAwMDAwLCJkZWxldGUiOjEyMDAwMDAwMDAwMDAsInVwZGF0ZSI6MTIwMDAwMDAwMDAwMH19",
          "dependencies": [
            "google_compute_network.vpc_network"
          ]
        }
      ]
    },
    {
      "mode": "managed",
      "type": "google_compute_target_http_proxy",
      "name": "target_http_proxy_public",
      "provider": "provider[\"registry.terraform.io/hashicorp/google\"]",
      "instances": [
        {
          "index_key": "infra-euw3",
          "schema_version": 0,
          "attributes": {
            "creation_timestamp": "2024-11-18T09:19:29.257-08:00",
            "description": "",
            "http_keep_alive_timeout_sec": 0,
            "id": "projects/project-custom-01/global/targetHttpProxies/customer-app-load-balancer-proxy-public",
            "name": "customer-app-load-balancer-proxy-public",
            "project": "project-custom-01",
            "proxy_bind": false,
            "proxy_id": 5358585176527391182,
            "self_link": "https://www.googleapis.com/compute/v1/projects/project-custom-01/global/targetHttpProxies/customer-app-load-balancer-proxy-public",
            "timeouts": null,
            "url_map": "https://www.googleapis.com/compute/v1/projects/project-custom-01/global/urlMaps/customer-app-load-balancer-public"
          },
          "sensitive_attributes": [],
          "private": "eyJlMmJmYjczMC1lY2FhLTExZTYtOGY4OC0zNDM2M2JjN2M0YzAiOnsiY3JlYXRlIjoxMjAwMDAwMDAwMDAwLCJkZWxldGUiOjEyMDAwMDAwMDAwMDAsInVwZGF0ZSI6MTIwMDAwMDAwMDAwMH19",
          "dependencies": [
            "data.google_compute_default_service_account.default",
            "google_compute_backend_service.backend_service_public",
            "google_compute_health_check.health_check_public",
            "google_compute_instance_template.inst_template_public",
            "google_compute_network.vpc_network",
            "google_compute_region_instance_group_manager.mig_public",
            "google_compute_subnetwork.subnetwork_1",
            "google_compute_url_map.compute_url_map_public"
          ]
        }
      ]
    },
    {
      "mode": "managed",
      "type": "google_compute_url_map",
      "name": "compute_url_map_public",
      "provider": "provider[\"registry.terraform.io/hashicorp/google\"]",
      "instances": [
        {
          "index_key": "infra-euw3",
          "schema_version": 0,
          "attributes": {
            "creation_timestamp": "2024-11-18T09:19:17.824-08:00",
            "default_route_action": [],
            "default_service": "https://www.googleapis.com/compute/v1/projects/project-custom-01/global/backendServices/customer-app-load-balancer-backend-public",
            "default_url_redirect": [],
            "description": "",
            "fingerprint": "7vclK4U7R-s=",
            "header_action": [],
            "host_rule": [],
            "id": "projects/project-custom-01/global/urlMaps/customer-app-load-balancer-public",
            "map_id": 8630809030070553082,
            "name": "customer-app-load-balancer-public",
            "path_matcher": [],
            "project": "project-custom-01",
            "self_link": "https://www.googleapis.com/compute/v1/projects/project-custom-01/global/urlMaps/customer-app-load-balancer-public",
            "test": [],
            "timeouts": null
          },
          "sensitive_attributes": [],
          "private": "eyJlMmJmYjczMC1lY2FhLTExZTYtOGY4OC0zNDM2M2JjN2M0YzAiOnsiY3JlYXRlIjoxMjAwMDAwMDAwMDAwLCJkZWxldGUiOjEyMDAwMDAwMDAwMDAsInVwZGF0ZSI6MTIwMDAwMDAwMDAwMH19",
          "dependencies": [
            "data.google_compute_default_service_account.default",
            "google_compute_backend_service.backend_service_public",
            "google_compute_health_check.health_check_public",
            "google_compute_instance_template.inst_template_public",
            "google_compute_network.vpc_network",
            "google_compute_region_instance_group_manager.mig_public",
            "google_compute_subnetwork.subnetwork_1"
          ]
        }
      ]
    }
  ],
  "check_results": null
}
